
Microsoft Visual Studio Solution File, Format Version 12.00
# Visual Studio Version 17
VisualStudioVersion = 17.3.32929.385
MinimumVisualStudioVersion = 10.0.40219.1
Project("{FAE04EC0-301F-11D3-BF4B-00C04F79EFBC}") = "ProvaConceitoIveco", "ProvaConceitoIveco.csproj", "{4A3AEEA4-2DC5-4AC1-BFBB-4124F4D40270}"
EndProject
Global
	GlobalSection(SolutionConfigurationPlatforms) = preSolution
		Debug|Any CPU = Debug|Any CPU
		Release|Any CPU = Release|Any CPU
	EndGlobalSection
	GlobalSection(ProjectConfigurationPlatforms) = postSolution
		{4A3AEEA4-2DC5-4AC1-BFBB-4124F4D40270}.Debug|Any CPU.ActiveCfg = Debug|Any CPU
		{4A3AEEA4-2DC5-4AC1-BFBB-4124F4D40270}.Debug|Any CPU.Build.0 = Debug|Any CPU
		{4A3AEEA4-2DC5-4AC1-BFBB-4124F4D40270}.Release|Any CPU.ActiveCfg = Release|Any CPU
		{4A3AEEA4-2DC5-4AC1-BFBB-4124F4D40270}.Release|Any CPU.Build.0 = Release|Any CPU
	EndGlobalSection
	GlobalSection(SolutionProperties) = preSolution
		HideSolutionNode = FALSE
	EndGlobalSection
	GlobalSection(ExtensibilityGlobals) = postSolution
		SolutionGuid = {6F5B220B-E3CF-4950-B0A3-A3F9C55DD6E4}
	EndGlobalSection
EndGlobal
